// !$*UTF8*$!
{
	archiveVersion = 1;
	classes = {
	};
	objectVersion = 55;
	objects = {

/* Begin PBXBuildFile section */
		5A4C8E04DE4001F8AEABDFE7 /* Pods_Instagram.framework in Frameworks */ = {isa = PBXBuildFile; fileRef = A426E0267A15871170EB4C21 /* Pods_Instagram.framework */; };
		85286B3A28394FBB007515CF /* CustomTextField.swift in Sources */ = {isa = PBXBuildFile; fileRef = 85286B3928394FBB007515CF /* CustomTextField.swift */; };
		85286B3C2839999B007515CF /* CustomAuthButton.swift in Sources */ = {isa = PBXBuildFile; fileRef = 85286B3B2839999B007515CF /* CustomAuthButton.swift */; };
		85286B3E2839B2B2007515CF /* AuthViewModel.swift in Sources */ = {isa = PBXBuildFile; fileRef = 85286B3D2839B2B2007515CF /* AuthViewModel.swift */; };
		85286B402839F167007515CF /* GoogleService-Info.plist in Resources */ = {isa = PBXBuildFile; fileRef = 85286B3F2839F167007515CF /* GoogleService-Info.plist */; };
		85286B432839F4AE007515CF /* FirebaseAnalytics in Frameworks */ = {isa = PBXBuildFile; productRef = 85286B422839F4AE007515CF /* FirebaseAnalytics */; };
		85286B452839F4AE007515CF /* FirebaseAnalyticsOnDeviceConversion in Frameworks */ = {isa = PBXBuildFile; productRef = 85286B442839F4AE007515CF /* FirebaseAnalyticsOnDeviceConversion */; };
		85286B472839F4AE007515CF /* FirebaseAnalyticsSwift in Frameworks */ = {isa = PBXBuildFile; productRef = 85286B462839F4AE007515CF /* FirebaseAnalyticsSwift */; };
		85286B492839F4AE007515CF /* FirebaseAnalyticsWithoutAdIdSupport in Frameworks */ = {isa = PBXBuildFile; productRef = 85286B482839F4AE007515CF /* FirebaseAnalyticsWithoutAdIdSupport */; };
		85286B4B2839F4AE007515CF /* FirebaseAppCheck in Frameworks */ = {isa = PBXBuildFile; productRef = 85286B4A2839F4AE007515CF /* FirebaseAppCheck */; };
		85286B4D2839F4AE007515CF /* FirebaseAppDistribution-Beta in Frameworks */ = {isa = PBXBuildFile; productRef = 85286B4C2839F4AE007515CF /* FirebaseAppDistribution-Beta */; };
		85286B4F2839F4AE007515CF /* FirebaseAuth in Frameworks */ = {isa = PBXBuildFile; productRef = 85286B4E2839F4AE007515CF /* FirebaseAuth */; };
		85286B512839F4AE007515CF /* FirebaseAuthCombine-Community in Frameworks */ = {isa = PBXBuildFile; productRef = 85286B502839F4AE007515CF /* FirebaseAuthCombine-Community */; };
		85286B532839F4AE007515CF /* FirebaseCrashlytics in Frameworks */ = {isa = PBXBuildFile; productRef = 85286B522839F4AE007515CF /* FirebaseCrashlytics */; };
		85286B552839F4AE007515CF /* FirebaseDatabase in Frameworks */ = {isa = PBXBuildFile; productRef = 85286B542839F4AE007515CF /* FirebaseDatabase */; };
		85286B572839F4AE007515CF /* FirebaseDatabaseSwift in Frameworks */ = {isa = PBXBuildFile; productRef = 85286B562839F4AE007515CF /* FirebaseDatabaseSwift */; };
		85286B592839F4AE007515CF /* FirebaseDynamicLinks in Frameworks */ = {isa = PBXBuildFile; productRef = 85286B582839F4AE007515CF /* FirebaseDynamicLinks */; };
		85286B5B2839F4AE007515CF /* FirebaseFirestore in Frameworks */ = {isa = PBXBuildFile; productRef = 85286B5A2839F4AE007515CF /* FirebaseFirestore */; };
		85286B5D2839F4AE007515CF /* FirebaseFirestoreCombine-Community in Frameworks */ = {isa = PBXBuildFile; productRef = 85286B5C2839F4AE007515CF /* FirebaseFirestoreCombine-Community */; };
		85286B5F2839F4AE007515CF /* FirebaseFirestoreSwift in Frameworks */ = {isa = PBXBuildFile; productRef = 85286B5E2839F4AE007515CF /* FirebaseFirestoreSwift */; };
		85286B612839F4AE007515CF /* FirebaseFunctions in Frameworks */ = {isa = PBXBuildFile; productRef = 85286B602839F4AE007515CF /* FirebaseFunctions */; };
		85286B632839F4AE007515CF /* FirebaseFunctionsCombine-Community in Frameworks */ = {isa = PBXBuildFile; productRef = 85286B622839F4AE007515CF /* FirebaseFunctionsCombine-Community */; };
		85286B652839F4AE007515CF /* FirebaseInAppMessaging-Beta in Frameworks */ = {isa = PBXBuildFile; productRef = 85286B642839F4AE007515CF /* FirebaseInAppMessaging-Beta */; };
		85286B672839F4AE007515CF /* FirebaseInAppMessagingSwift-Beta in Frameworks */ = {isa = PBXBuildFile; productRef = 85286B662839F4AE007515CF /* FirebaseInAppMessagingSwift-Beta */; };
		85286B692839F4AE007515CF /* FirebaseInstallations in Frameworks */ = {isa = PBXBuildFile; productRef = 85286B682839F4AE007515CF /* FirebaseInstallations */; };
		85286B6B2839F4AE007515CF /* FirebaseMLModelDownloader in Frameworks */ = {isa = PBXBuildFile; productRef = 85286B6A2839F4AE007515CF /* FirebaseMLModelDownloader */; };
		85286B6D2839F4AE007515CF /* FirebaseMessaging in Frameworks */ = {isa = PBXBuildFile; productRef = 85286B6C2839F4AE007515CF /* FirebaseMessaging */; };
		85286B6F2839F4AE007515CF /* FirebasePerformance in Frameworks */ = {isa = PBXBuildFile; productRef = 85286B6E2839F4AE007515CF /* FirebasePerformance */; };
		85286B712839F4AE007515CF /* FirebaseRemoteConfig in Frameworks */ = {isa = PBXBuildFile; productRef = 85286B702839F4AE007515CF /* FirebaseRemoteConfig */; };
		85286B732839F4AE007515CF /* FirebaseRemoteConfigSwift in Frameworks */ = {isa = PBXBuildFile; productRef = 85286B722839F4AE007515CF /* FirebaseRemoteConfigSwift */; };
		85286B752839F4AE007515CF /* FirebaseStorage in Frameworks */ = {isa = PBXBuildFile; productRef = 85286B742839F4AE007515CF /* FirebaseStorage */; };
		85286B772839F4AE007515CF /* FirebaseStorageCombine-Community in Frameworks */ = {isa = PBXBuildFile; productRef = 85286B762839F4AE007515CF /* FirebaseStorageCombine-Community */; };
		85286B79283A00B9007515CF /* ImageUploader.swift in Sources */ = {isa = PBXBuildFile; fileRef = 85286B78283A00B9007515CF /* ImageUploader.swift */; };
		85286B7B283A00CB007515CF /* AuthService.swift in Sources */ = {isa = PBXBuildFile; fileRef = 85286B7A283A00CB007515CF /* AuthService.swift */; };
		853F8A47283828DD00DDBC0D /* LogInController.swift in Sources */ = {isa = PBXBuildFile; fileRef = 853F8A46283828DD00DDBC0D /* LogInController.swift */; };
		853F8A492838292000DDBC0D /* SignUpController.swift in Sources */ = {isa = PBXBuildFile; fileRef = 853F8A482838292000DDBC0D /* SignUpController.swift */; };
		85A5687F28448F5F004F50BF /* Constans.swift in Sources */ = {isa = PBXBuildFile; fileRef = 85A5687E28448F5F004F50BF /* Constans.swift */; };
		85A5688128448FD8004F50BF /* User.swift in Sources */ = {isa = PBXBuildFile; fileRef = 85A5688028448FD8004F50BF /* User.swift */; };
		85A5688328448FF4004F50BF /* UserService.swift in Sources */ = {isa = PBXBuildFile; fileRef = 85A5688228448FF4004F50BF /* UserService.swift */; };
		85A5688528449668004F50BF /* AuthCredentials.swift in Sources */ = {isa = PBXBuildFile; fileRef = 85A5688428449668004F50BF /* AuthCredentials.swift */; };
		85B14A58284358E9002C1D3A /* ProfileCell.swift in Sources */ = {isa = PBXBuildFile; fileRef = 85B14A57284358E8002C1D3A /* ProfileCell.swift */; };
		85B14A5A284358F5002C1D3A /* ProfileHeader.swift in Sources */ = {isa = PBXBuildFile; fileRef = 85B14A59284358F5002C1D3A /* ProfileHeader.swift */; };
		85C8F6AD2835715700EE6E77 /* AppDelegate.swift in Sources */ = {isa = PBXBuildFile; fileRef = 85C8F6AC2835715700EE6E77 /* AppDelegate.swift */; };
		85C8F6AF2835715700EE6E77 /* SceneDelegate.swift in Sources */ = {isa = PBXBuildFile; fileRef = 85C8F6AE2835715700EE6E77 /* SceneDelegate.swift */; };
		85C8F6B12835715700EE6E77 /* ViewController.swift in Sources */ = {isa = PBXBuildFile; fileRef = 85C8F6B02835715700EE6E77 /* ViewController.swift */; };
		85C8F6B42835715700EE6E77 /* Main.storyboard in Resources */ = {isa = PBXBuildFile; fileRef = 85C8F6B22835715700EE6E77 /* Main.storyboard */; };
		85C8F6B62835715900EE6E77 /* Assets.xcassets in Resources */ = {isa = PBXBuildFile; fileRef = 85C8F6B52835715900EE6E77 /* Assets.xcassets */; };
		85C8F6B92835715900EE6E77 /* LaunchScreen.storyboard in Resources */ = {isa = PBXBuildFile; fileRef = 85C8F6B72835715900EE6E77 /* LaunchScreen.storyboard */; };
		85C8F6C72835732300EE6E77 /* MainTabBarController.swift in Sources */ = {isa = PBXBuildFile; fileRef = 85C8F6C62835732300EE6E77 /* MainTabBarController.swift */; };
		85C8F6C92835CBDE00EE6E77 /* FeedController.swift in Sources */ = {isa = PBXBuildFile; fileRef = 85C8F6C82835CBDD00EE6E77 /* FeedController.swift */; };
		85C8F6CB2835CBF500EE6E77 /* SearchController.swift in Sources */ = {isa = PBXBuildFile; fileRef = 85C8F6CA2835CBF500EE6E77 /* SearchController.swift */; };
		85C8F6CD2835CC0A00EE6E77 /* ImageSelectorController.swift in Sources */ = {isa = PBXBuildFile; fileRef = 85C8F6CC2835CC0A00EE6E77 /* ImageSelectorController.swift */; };
		85C8F6CF2835CC1D00EE6E77 /* NotificationController.swift in Sources */ = {isa = PBXBuildFile; fileRef = 85C8F6CE2835CC1D00EE6E77 /* NotificationController.swift */; };
		85C8F6D12835CC3200EE6E77 /* ProfileController.swift in Sources */ = {isa = PBXBuildFile; fileRef = 85C8F6D02835CC3200EE6E77 /* ProfileController.swift */; };
		85C8F6D3283612B800EE6E77 /* FeedCell.swift in Sources */ = {isa = PBXBuildFile; fileRef = 85C8F6D2283612B800EE6E77 /* FeedCell.swift */; };
		85C8F6D52836137C00EE6E77 /* Extensions.swift in Sources */ = {isa = PBXBuildFile; fileRef = 85C8F6D42836137C00EE6E77 /* Extensions.swift */; };
/* End PBXBuildFile section */

/* Begin PBXFileReference section */
		007645438F726A553B86AA18 /* Pods-Instagram.debug.xcconfig */ = {isa = PBXFileReference; includeInIndex = 1; lastKnownFileType = text.xcconfig; name = "Pods-Instagram.debug.xcconfig"; path = "Target Support Files/Pods-Instagram/Pods-Instagram.debug.xcconfig"; sourceTree = "<group>"; };
		85286B3928394FBB007515CF /* CustomTextField.swift */ = {isa = PBXFileReference; lastKnownFileType = sourcecode.swift; path = CustomTextField.swift; sourceTree = "<group>"; };
		85286B3B2839999B007515CF /* CustomAuthButton.swift */ = {isa = PBXFileReference; lastKnownFileType = sourcecode.swift; path = CustomAuthButton.swift; sourceTree = "<group>"; };
		85286B3D2839B2B2007515CF /* AuthViewModel.swift */ = {isa = PBXFileReference; lastKnownFileType = sourcecode.swift; path = AuthViewModel.swift; sourceTree = "<group>"; };
		85286B3F2839F167007515CF /* GoogleService-Info.plist */ = {isa = PBXFileReference; fileEncoding = 4; lastKnownFileType = text.plist.xml; path = "GoogleService-Info.plist"; sourceTree = "<group>"; };
		85286B78283A00B9007515CF /* ImageUploader.swift */ = {isa = PBXFileReference; lastKnownFileType = sourcecode.swift; path = ImageUploader.swift; sourceTree = "<group>"; };
		85286B7A283A00CB007515CF /* AuthService.swift */ = {isa = PBXFileReference; lastKnownFileType = sourcecode.swift; path = AuthService.swift; sourceTree = "<group>"; };
		853F8A46283828DD00DDBC0D /* LogInController.swift */ = {isa = PBXFileReference; lastKnownFileType = sourcecode.swift; path = LogInController.swift; sourceTree = "<group>"; };
		853F8A482838292000DDBC0D /* SignUpController.swift */ = {isa = PBXFileReference; lastKnownFileType = sourcecode.swift; path = SignUpController.swift; sourceTree = "<group>"; };
		85A5687E28448F5F004F50BF /* Constans.swift */ = {isa = PBXFileReference; lastKnownFileType = sourcecode.swift; path = Constans.swift; sourceTree = "<group>"; };
		85A5688028448FD8004F50BF /* User.swift */ = {isa = PBXFileReference; lastKnownFileType = sourcecode.swift; path = User.swift; sourceTree = "<group>"; };
		85A5688228448FF4004F50BF /* UserService.swift */ = {isa = PBXFileReference; lastKnownFileType = sourcecode.swift; path = UserService.swift; sourceTree = "<group>"; };
		85A5688428449668004F50BF /* AuthCredentials.swift */ = {isa = PBXFileReference; lastKnownFileType = sourcecode.swift; path = AuthCredentials.swift; sourceTree = "<group>"; };
		85B14A57284358E8002C1D3A /* ProfileCell.swift */ = {isa = PBXFileReference; lastKnownFileType = sourcecode.swift; path = ProfileCell.swift; sourceTree = "<group>"; };
		85B14A59284358F5002C1D3A /* ProfileHeader.swift */ = {isa = PBXFileReference; lastKnownFileType = sourcecode.swift; path = ProfileHeader.swift; sourceTree = "<group>"; };
		85C8F6A92835715700EE6E77 /* Instagram.app */ = {isa = PBXFileReference; explicitFileType = wrapper.application; includeInIndex = 0; path = Instagram.app; sourceTree = BUILT_PRODUCTS_DIR; };
		85C8F6AC2835715700EE6E77 /* AppDelegate.swift */ = {isa = PBXFileReference; lastKnownFileType = sourcecode.swift; path = AppDelegate.swift; sourceTree = "<group>"; };
		85C8F6AE2835715700EE6E77 /* SceneDelegate.swift */ = {isa = PBXFileReference; lastKnownFileType = sourcecode.swift; path = SceneDelegate.swift; sourceTree = "<group>"; };
		85C8F6B02835715700EE6E77 /* ViewController.swift */ = {isa = PBXFileReference; lastKnownFileType = sourcecode.swift; path = ViewController.swift; sourceTree = "<group>"; };
		85C8F6B32835715700EE6E77 /* Base */ = {isa = PBXFileReference; lastKnownFileType = file.storyboard; name = Base; path = Base.lproj/Main.storyboard; sourceTree = "<group>"; };
		85C8F6B52835715900EE6E77 /* Assets.xcassets */ = {isa = PBXFileReference; lastKnownFileType = folder.assetcatalog; path = Assets.xcassets; sourceTree = "<group>"; };
		85C8F6B82835715900EE6E77 /* Base */ = {isa = PBXFileReference; lastKnownFileType = file.storyboard; name = Base; path = Base.lproj/LaunchScreen.storyboard; sourceTree = "<group>"; };
		85C8F6BA2835715900EE6E77 /* Info.plist */ = {isa = PBXFileReference; lastKnownFileType = text.plist.xml; path = Info.plist; sourceTree = "<group>"; };
		85C8F6C62835732300EE6E77 /* MainTabBarController.swift */ = {isa = PBXFileReference; lastKnownFileType = sourcecode.swift; path = MainTabBarController.swift; sourceTree = "<group>"; };
		85C8F6C82835CBDD00EE6E77 /* FeedController.swift */ = {isa = PBXFileReference; lastKnownFileType = sourcecode.swift; path = FeedController.swift; sourceTree = "<group>"; };
		85C8F6CA2835CBF500EE6E77 /* SearchController.swift */ = {isa = PBXFileReference; lastKnownFileType = sourcecode.swift; path = SearchController.swift; sourceTree = "<group>"; };
		85C8F6CC2835CC0A00EE6E77 /* ImageSelectorController.swift */ = {isa = PBXFileReference; lastKnownFileType = sourcecode.swift; path = ImageSelectorController.swift; sourceTree = "<group>"; };
		85C8F6CE2835CC1D00EE6E77 /* NotificationController.swift */ = {isa = PBXFileReference; lastKnownFileType = sourcecode.swift; path = NotificationController.swift; sourceTree = "<group>"; };
		85C8F6D02835CC3200EE6E77 /* ProfileController.swift */ = {isa = PBXFileReference; lastKnownFileType = sourcecode.swift; path = ProfileController.swift; sourceTree = "<group>"; };
		85C8F6D2283612B800EE6E77 /* FeedCell.swift */ = {isa = PBXFileReference; lastKnownFileType = sourcecode.swift; path = FeedCell.swift; sourceTree = "<group>"; };
		85C8F6D42836137C00EE6E77 /* Extensions.swift */ = {isa = PBXFileReference; fileEncoding = 4; lastKnownFileType = sourcecode.swift; path = Extensions.swift; sourceTree = "<group>"; };
		A426E0267A15871170EB4C21 /* Pods_Instagram.framework */ = {isa = PBXFileReference; explicitFileType = wrapper.framework; includeInIndex = 0; path = Pods_Instagram.framework; sourceTree = BUILT_PRODUCTS_DIR; };
		C47FC3EA686DB83CCE1621A9 /* Pods-Instagram.release.xcconfig */ = {isa = PBXFileReference; includeInIndex = 1; lastKnownFileType = text.xcconfig; name = "Pods-Instagram.release.xcconfig"; path = "Target Support Files/Pods-Instagram/Pods-Instagram.release.xcconfig"; sourceTree = "<group>"; };
/* End PBXFileReference section */

/* Begin PBXFrameworksBuildPhase section */
		85C8F6A62835715700EE6E77 /* Frameworks */ = {
			isa = PBXFrameworksBuildPhase;
			buildActionMask = 2147483647;
			files = (
				85286B552839F4AE007515CF /* FirebaseDatabase in Frameworks */,
				85286B632839F4AE007515CF /* FirebaseFunctionsCombine-Community in Frameworks */,
				85286B5B2839F4AE007515CF /* FirebaseFirestore in Frameworks */,
				85286B472839F4AE007515CF /* FirebaseAnalyticsSwift in Frameworks */,
				85286B432839F4AE007515CF /* FirebaseAnalytics in Frameworks */,
				85286B452839F4AE007515CF /* FirebaseAnalyticsOnDeviceConversion in Frameworks */,
				85286B6B2839F4AE007515CF /* FirebaseMLModelDownloader in Frameworks */,
				85286B5F2839F4AE007515CF /* FirebaseFirestoreSwift in Frameworks */,
				85286B4B2839F4AE007515CF /* FirebaseAppCheck in Frameworks */,
				85286B492839F4AE007515CF /* FirebaseAnalyticsWithoutAdIdSupport in Frameworks */,
				85286B4F2839F4AE007515CF /* FirebaseAuth in Frameworks */,
				85286B532839F4AE007515CF /* FirebaseCrashlytics in Frameworks */,
				85286B732839F4AE007515CF /* FirebaseRemoteConfigSwift in Frameworks */,
				85286B652839F4AE007515CF /* FirebaseInAppMessaging-Beta in Frameworks */,
				85286B572839F4AE007515CF /* FirebaseDatabaseSwift in Frameworks */,
				85286B612839F4AE007515CF /* FirebaseFunctions in Frameworks */,
				85286B772839F4AE007515CF /* FirebaseStorageCombine-Community in Frameworks */,
				85286B712839F4AE007515CF /* FirebaseRemoteConfig in Frameworks */,
				85286B4D2839F4AE007515CF /* FirebaseAppDistribution-Beta in Frameworks */,
				85286B512839F4AE007515CF /* FirebaseAuthCombine-Community in Frameworks */,
				85286B6F2839F4AE007515CF /* FirebasePerformance in Frameworks */,
				85286B672839F4AE007515CF /* FirebaseInAppMessagingSwift-Beta in Frameworks */,
				85286B752839F4AE007515CF /* FirebaseStorage in Frameworks */,
				85286B592839F4AE007515CF /* FirebaseDynamicLinks in Frameworks */,
				85286B5D2839F4AE007515CF /* FirebaseFirestoreCombine-Community in Frameworks */,
				85286B6D2839F4AE007515CF /* FirebaseMessaging in Frameworks */,
				85286B692839F4AE007515CF /* FirebaseInstallations in Frameworks */,
				5A4C8E04DE4001F8AEABDFE7 /* Pods_Instagram.framework in Frameworks */,
			);
			runOnlyForDeploymentPostprocessing = 0;
		};
/* End PBXFrameworksBuildPhase section */

/* Begin PBXGroup section */
		100B5EEB6D8A04778AE06EE5 /* Pods */ = {
			isa = PBXGroup;
			children = (
				007645438F726A553B86AA18 /* Pods-Instagram.debug.xcconfig */,
				C47FC3EA686DB83CCE1621A9 /* Pods-Instagram.release.xcconfig */,
			);
			path = Pods;
			sourceTree = "<group>";
		};
		85286B3828393D97007515CF /* Authentication */ = {
			isa = PBXGroup;
			children = (
				853F8A46283828DD00DDBC0D /* LogInController.swift */,
				853F8A482838292000DDBC0D /* SignUpController.swift */,
			);
			path = Authentication;
			sourceTree = "<group>";
		};
		85B14A56284358DA002C1D3A /* Profile */ = {
			isa = PBXGroup;
			children = (
				85B14A57284358E8002C1D3A /* ProfileCell.swift */,
				85B14A59284358F5002C1D3A /* ProfileHeader.swift */,
			);
			path = Profile;
			sourceTree = "<group>";
		};
		85C8F6A02835715700EE6E77 = {
			isa = PBXGroup;
			children = (
				85C8F6AB2835715700EE6E77 /* Instagram */,
				85C8F6AA2835715700EE6E77 /* Products */,
				100B5EEB6D8A04778AE06EE5 /* Pods */,
				B0C4590138BD825B1E2E7E65 /* Frameworks */,
			);
			sourceTree = "<group>";
		};
		85C8F6AA2835715700EE6E77 /* Products */ = {
			isa = PBXGroup;
			children = (
				85C8F6A92835715700EE6E77 /* Instagram.app */,
			);
			name = Products;
			sourceTree = "<group>";
		};
		85C8F6AB2835715700EE6E77 /* Instagram */ = {
			isa = PBXGroup;
			children = (
				85C8F6C02835721800EE6E77 /* Model */,
				85C8F6C12835721E00EE6E77 /* View */,
				85C8F6C22835722700EE6E77 /* ViewModel */,
				85C8F6C32835723100EE6E77 /* Controller */,
				85C8F6C42835723B00EE6E77 /* API */,
				85C8F6C52835724100EE6E77 /* Utils */,
				85C8F6AC2835715700EE6E77 /* AppDelegate.swift */,
				85C8F6AE2835715700EE6E77 /* SceneDelegate.swift */,
				85C8F6B02835715700EE6E77 /* ViewController.swift */,
				85C8F6B22835715700EE6E77 /* Main.storyboard */,
				85C8F6B52835715900EE6E77 /* Assets.xcassets */,
				85C8F6B72835715900EE6E77 /* LaunchScreen.storyboard */,
				85C8F6BA2835715900EE6E77 /* Info.plist */,
				85286B3F2839F167007515CF /* GoogleService-Info.plist */,
			);
			path = Instagram;
			sourceTree = "<group>";
		};
		85C8F6C02835721800EE6E77 /* Model */ = {
			isa = PBXGroup;
			children = (
				85A5688028448FD8004F50BF /* User.swift */,
				85A5688428449668004F50BF /* AuthCredentials.swift */,
			);
			path = Model;
			sourceTree = "<group>";
		};
		85C8F6C12835721E00EE6E77 /* View */ = {
			isa = PBXGroup;
			children = (
				85B14A56284358DA002C1D3A /* Profile */,
				85C8F6D2283612B800EE6E77 /* FeedCell.swift */,
				85286B3928394FBB007515CF /* CustomTextField.swift */,
				85286B3B2839999B007515CF /* CustomAuthButton.swift */,
			);
			path = View;
			sourceTree = "<group>";
		};
		85C8F6C22835722700EE6E77 /* ViewModel */ = {
			isa = PBXGroup;
			children = (
				85286B3D2839B2B2007515CF /* AuthViewModel.swift */,
			);
			path = ViewModel;
			sourceTree = "<group>";
		};
		85C8F6C32835723100EE6E77 /* Controller */ = {
			isa = PBXGroup;
			children = (
				85286B3828393D97007515CF /* Authentication */,
				85C8F6C62835732300EE6E77 /* MainTabBarController.swift */,
				85C8F6C82835CBDD00EE6E77 /* FeedController.swift */,
				85C8F6CA2835CBF500EE6E77 /* SearchController.swift */,
				85C8F6CC2835CC0A00EE6E77 /* ImageSelectorController.swift */,
				85C8F6CE2835CC1D00EE6E77 /* NotificationController.swift */,
				85C8F6D02835CC3200EE6E77 /* ProfileController.swift */,
			);
			path = Controller;
			sourceTree = "<group>";
		};
		85C8F6C42835723B00EE6E77 /* API */ = {
			isa = PBXGroup;
			children = (
				85286B78283A00B9007515CF /* ImageUploader.swift */,
				85286B7A283A00CB007515CF /* AuthService.swift */,
				85A5688228448FF4004F50BF /* UserService.swift */,
			);
			path = API;
			sourceTree = "<group>";
		};
		85C8F6C52835724100EE6E77 /* Utils */ = {
			isa = PBXGroup;
			children = (
				85C8F6D42836137C00EE6E77 /* Extensions.swift */,
				85A5687E28448F5F004F50BF /* Constans.swift */,
			);
			path = Utils;
			sourceTree = "<group>";
		};
		B0C4590138BD825B1E2E7E65 /* Frameworks */ = {
			isa = PBXGroup;
			children = (
				A426E0267A15871170EB4C21 /* Pods_Instagram.framework */,
			);
			name = Frameworks;
			sourceTree = "<group>";
		};
/* End PBXGroup section */

/* Begin PBXNativeTarget section */
		85C8F6A82835715700EE6E77 /* Instagram */ = {
			isa = PBXNativeTarget;
			buildConfigurationList = 85C8F6BD2835715900EE6E77 /* Build configuration list for PBXNativeTarget "Instagram" */;
			buildPhases = (
				E931E23B5B9E561C36259ACA /* [CP] Check Pods Manifest.lock */,
				85C8F6A52835715700EE6E77 /* Sources */,
				85C8F6A62835715700EE6E77 /* Frameworks */,
				85C8F6A72835715700EE6E77 /* Resources */,
				E5262F6B00BF9289482227EF /* [CP] Embed Pods Frameworks */,
			);
			buildRules = (
			);
			dependencies = (
			);
			name = Instagram;
			packageProductDependencies = (
				85286B422839F4AE007515CF /* FirebaseAnalytics */,
				85286B442839F4AE007515CF /* FirebaseAnalyticsOnDeviceConversion */,
				85286B462839F4AE007515CF /* FirebaseAnalyticsSwift */,
				85286B482839F4AE007515CF /* FirebaseAnalyticsWithoutAdIdSupport */,
				85286B4A2839F4AE007515CF /* FirebaseAppCheck */,
				85286B4C2839F4AE007515CF /* FirebaseAppDistribution-Beta */,
				85286B4E2839F4AE007515CF /* FirebaseAuth */,
				85286B502839F4AE007515CF /* FirebaseAuthCombine-Community */,
				85286B522839F4AE007515CF /* FirebaseCrashlytics */,
				85286B542839F4AE007515CF /* FirebaseDatabase */,
				85286B562839F4AE007515CF /* FirebaseDatabaseSwift */,
				85286B582839F4AE007515CF /* FirebaseDynamicLinks */,
				85286B5A2839F4AE007515CF /* FirebaseFirestore */,
				85286B5C2839F4AE007515CF /* FirebaseFirestoreCombine-Community */,
				85286B5E2839F4AE007515CF /* FirebaseFirestoreSwift */,
				85286B602839F4AE007515CF /* FirebaseFunctions */,
				85286B622839F4AE007515CF /* FirebaseFunctionsCombine-Community */,
				85286B642839F4AE007515CF /* FirebaseInAppMessaging-Beta */,
				85286B662839F4AE007515CF /* FirebaseInAppMessagingSwift-Beta */,
				85286B682839F4AE007515CF /* FirebaseInstallations */,
				85286B6A2839F4AE007515CF /* FirebaseMLModelDownloader */,
				85286B6C2839F4AE007515CF /* FirebaseMessaging */,
				85286B6E2839F4AE007515CF /* FirebasePerformance */,
				85286B702839F4AE007515CF /* FirebaseRemoteConfig */,
				85286B722839F4AE007515CF /* FirebaseRemoteConfigSwift */,
				85286B742839F4AE007515CF /* FirebaseStorage */,
				85286B762839F4AE007515CF /* FirebaseStorageCombine-Community */,
			);
			productName = Instagram;
			productReference = 85C8F6A92835715700EE6E77 /* Instagram.app */;
			productType = "com.apple.product-type.application";
		};
/* End PBXNativeTarget section */

/* Begin PBXProject section */
		85C8F6A12835715700EE6E77 /* Project object */ = {
			isa = PBXProject;
			attributes = {
				BuildIndependentTargetsInParallel = 1;
				LastSwiftUpdateCheck = 1320;
				LastUpgradeCheck = 1320;
				TargetAttributes = {
					85C8F6A82835715700EE6E77 = {
						CreatedOnToolsVersion = 13.2.1;
					};
				};
			};
			buildConfigurationList = 85C8F6A42835715700EE6E77 /* Build configuration list for PBXProject "Instagram" */;
			compatibilityVersion = "Xcode 13.0";
			developmentRegion = en;
			hasScannedForEncodings = 0;
			knownRegions = (
				en,
				Base,
			);
			mainGroup = 85C8F6A02835715700EE6E77;
			packageReferences = (
				85286B412839F4AE007515CF /* XCRemoteSwiftPackageReference "firebase-ios-sdk" */,
			);
			productRefGroup = 85C8F6AA2835715700EE6E77 /* Products */;
			projectDirPath = "";
			projectRoot = "";
			targets = (
				85C8F6A82835715700EE6E77 /* Instagram */,
			);
		};
/* End PBXProject section */

/* Begin PBXResourcesBuildPhase section */
		85C8F6A72835715700EE6E77 /* Resources */ = {
			isa = PBXResourcesBuildPhase;
			buildActionMask = 2147483647;
			files = (
				85C8F6B92835715900EE6E77 /* LaunchScreen.storyboard in Resources */,
				85286B402839F167007515CF /* GoogleService-Info.plist in Resources */,
				85C8F6B62835715900EE6E77 /* Assets.xcassets in Resources */,
				85C8F6B42835715700EE6E77 /* Main.storyboard in Resources */,
			);
			runOnlyForDeploymentPostprocessing = 0;
		};
/* End PBXResourcesBuildPhase section */

/* Begin PBXShellScriptBuildPhase section */
		E5262F6B00BF9289482227EF /* [CP] Embed Pods Frameworks */ = {
			isa = PBXShellScriptBuildPhase;
			buildActionMask = 2147483647;
			files = (
			);
			inputFileListPaths = (
				"${PODS_ROOT}/Target Support Files/Pods-Instagram/Pods-Instagram-frameworks-${CONFIGURATION}-input-files.xcfilelist",
			);
			name = "[CP] Embed Pods Frameworks";
			outputFileListPaths = (
				"${PODS_ROOT}/Target Support Files/Pods-Instagram/Pods-Instagram-frameworks-${CONFIGURATION}-output-files.xcfilelist",
			);
			runOnlyForDeploymentPostprocessing = 0;
			shellPath = /bin/sh;
			shellScript = "\"${PODS_ROOT}/Target Support Files/Pods-Instagram/Pods-Instagram-frameworks.sh\"\n";
			showEnvVarsInLog = 0;
		};
		E931E23B5B9E561C36259ACA /* [CP] Check Pods Manifest.lock */ = {
			isa = PBXShellScriptBuildPhase;
			buildActionMask = 2147483647;
			files = (
			);
			inputFileListPaths = (
			);
			inputPaths = (
				"${PODS_PODFILE_DIR_PATH}/Podfile.lock",
				"${PODS_ROOT}/Manifest.lock",
			);
			name = "[CP] Check Pods Manifest.lock";
			outputFileListPaths = (
			);
			outputPaths = (
				"$(DERIVED_FILE_DIR)/Pods-Instagram-checkManifestLockResult.txt",
			);
			runOnlyForDeploymentPostprocessing = 0;
			shellPath = /bin/sh;
			shellScript = "diff \"${PODS_PODFILE_DIR_PATH}/Podfile.lock\" \"${PODS_ROOT}/Manifest.lock\" > /dev/null\nif [ $? != 0 ] ; then\n    # print error to STDERR\n    echo \"error: The sandbox is not in sync with the Podfile.lock. Run 'pod install' or update your CocoaPods installation.\" >&2\n    exit 1\nfi\n# This output is used by Xcode 'outputs' to avoid re-running this script phase.\necho \"SUCCESS\" > \"${SCRIPT_OUTPUT_FILE_0}\"\n";
			showEnvVarsInLog = 0;
		};
/* End PBXShellScriptBuildPhase section */

/* Begin PBXSourcesBuildPhase section */
		85C8F6A52835715700EE6E77 /* Sources */ = {
			isa = PBXSourcesBuildPhase;
			buildActionMask = 2147483647;
			files = (
				85286B3A28394FBB007515CF /* CustomTextField.swift in Sources */,
				85286B3C2839999B007515CF /* CustomAuthButton.swift in Sources */,
				85286B79283A00B9007515CF /* ImageUploader.swift in Sources */,
				85286B7B283A00CB007515CF /* AuthService.swift in Sources */,
				85C8F6B12835715700EE6E77 /* ViewController.swift in Sources */,
				85A5687F28448F5F004F50BF /* Constans.swift in Sources */,
				853F8A47283828DD00DDBC0D /* LogInController.swift in Sources */,
				85A5688328448FF4004F50BF /* UserService.swift in Sources */,
				85286B3E2839B2B2007515CF /* AuthViewModel.swift in Sources */,
				85C8F6D3283612B800EE6E77 /* FeedCell.swift in Sources */,
				85B14A5A284358F5002C1D3A /* ProfileHeader.swift in Sources */,
				85A5688128448FD8004F50BF /* User.swift in Sources */,
				85C8F6CD2835CC0A00EE6E77 /* ImageSelectorController.swift in Sources */,
				85C8F6CF2835CC1D00EE6E77 /* NotificationController.swift in Sources */,
				85C8F6CB2835CBF500EE6E77 /* SearchController.swift in Sources */,
				85C8F6AD2835715700EE6E77 /* AppDelegate.swift in Sources */,
				85A5688528449668004F50BF /* AuthCredentials.swift in Sources */,
				853F8A492838292000DDBC0D /* SignUpController.swift in Sources */,
				85C8F6D12835CC3200EE6E77 /* ProfileController.swift in Sources */,
				85C8F6C92835CBDE00EE6E77 /* FeedController.swift in Sources */,
				85B14A58284358E9002C1D3A /* ProfileCell.swift in Sources */,
				85C8F6C72835732300EE6E77 /* MainTabBarController.swift in Sources */,
				85C8F6D52836137C00EE6E77 /* Extensions.swift in Sources */,
				85C8F6AF2835715700EE6E77 /* SceneDelegate.swift in Sources */,
			);
			runOnlyForDeploymentPostprocessing = 0;
		};
/* End PBXSourcesBuildPhase section */

/* Begin PBXVariantGroup section */
		85C8F6B22835715700EE6E77 /* Main.storyboard */ = {
			isa = PBXVariantGroup;
			children = (
				85C8F6B32835715700EE6E77 /* Base */,
			);
			name = Main.storyboard;
			sourceTree = "<group>";
		};
		85C8F6B72835715900EE6E77 /* LaunchScreen.storyboard */ = {
			isa = PBXVariantGroup;
			children = (
				85C8F6B82835715900EE6E77 /* Base */,
			);
			name = LaunchScreen.storyboard;
			sourceTree = "<group>";
		};
/* End PBXVariantGroup section */

/* Begin XCBuildConfiguration section */
		85C8F6BB2835715900EE6E77 /* Debug */ = {
			isa = XCBuildConfiguration;
			buildSettings = {
				ALWAYS_SEARCH_USER_PATHS = NO;
				CLANG_ANALYZER_NONNULL = YES;
				CLANG_ANALYZER_NUMBER_OBJECT_CONVERSION = YES_AGGRESSIVE;
				CLANG_CXX_LANGUAGE_STANDARD = "gnu++17";
				CLANG_CXX_LIBRARY = "libc++";
				CLANG_ENABLE_MODULES = YES;
				CLANG_ENABLE_OBJC_ARC = YES;
				CLANG_ENABLE_OBJC_WEAK = YES;
				CLANG_WARN_BLOCK_CAPTURE_AUTORELEASING = YES;
				CLANG_WARN_BOOL_CONVERSION = YES;
				CLANG_WARN_COMMA = YES;
				CLANG_WARN_CONSTANT_CONVERSION = YES;
				CLANG_WARN_DEPRECATED_OBJC_IMPLEMENTATIONS = YES;
				CLANG_WARN_DIRECT_OBJC_ISA_USAGE = YES_ERROR;
				CLANG_WARN_DOCUMENTATION_COMMENTS = YES;
				CLANG_WARN_EMPTY_BODY = YES;
				CLANG_WARN_ENUM_CONVERSION = YES;
				CLANG_WARN_INFINITE_RECURSION = YES;
				CLANG_WARN_INT_CONVERSION = YES;
				CLANG_WARN_NON_LITERAL_NULL_CONVERSION = YES;
				CLANG_WARN_OBJC_IMPLICIT_RETAIN_SELF = YES;
				CLANG_WARN_OBJC_LITERAL_CONVERSION = YES;
				CLANG_WARN_OBJC_ROOT_CLASS = YES_ERROR;
				CLANG_WARN_QUOTED_INCLUDE_IN_FRAMEWORK_HEADER = YES;
				CLANG_WARN_RANGE_LOOP_ANALYSIS = YES;
				CLANG_WARN_STRICT_PROTOTYPES = YES;
				CLANG_WARN_SUSPICIOUS_MOVE = YES;
				CLANG_WARN_UNGUARDED_AVAILABILITY = YES_AGGRESSIVE;
				CLANG_WARN_UNREACHABLE_CODE = YES;
				CLANG_WARN__DUPLICATE_METHOD_MATCH = YES;
				COPY_PHASE_STRIP = NO;
				DEBUG_INFORMATION_FORMAT = dwarf;
				ENABLE_STRICT_OBJC_MSGSEND = YES;
				ENABLE_TESTABILITY = YES;
				GCC_C_LANGUAGE_STANDARD = gnu11;
				GCC_DYNAMIC_NO_PIC = NO;
				GCC_NO_COMMON_BLOCKS = YES;
				GCC_OPTIMIZATION_LEVEL = 0;
				GCC_PREPROCESSOR_DEFINITIONS = (
					"DEBUG=1",
					"$(inherited)",
				);
				GCC_WARN_64_TO_32_BIT_CONVERSION = YES;
				GCC_WARN_ABOUT_RETURN_TYPE = YES_ERROR;
				GCC_WARN_UNDECLARED_SELECTOR = YES;
				GCC_WARN_UNINITIALIZED_AUTOS = YES_AGGRESSIVE;
				GCC_WARN_UNUSED_FUNCTION = YES;
				GCC_WARN_UNUSED_VARIABLE = YES;
				IPHONEOS_DEPLOYMENT_TARGET = 15.2;
				MTL_ENABLE_DEBUG_INFO = INCLUDE_SOURCE;
				MTL_FAST_MATH = YES;
				ONLY_ACTIVE_ARCH = YES;
				SDKROOT = iphoneos;
				SWIFT_ACTIVE_COMPILATION_CONDITIONS = DEBUG;
				SWIFT_OPTIMIZATION_LEVEL = "-Onone";
			};
			name = Debug;
		};
		85C8F6BC2835715900EE6E77 /* Release */ = {
			isa = XCBuildConfiguration;
			buildSettings = {
				ALWAYS_SEARCH_USER_PATHS = NO;
				CLANG_ANALYZER_NONNULL = YES;
				CLANG_ANALYZER_NUMBER_OBJECT_CONVERSION = YES_AGGRESSIVE;
				CLANG_CXX_LANGUAGE_STANDARD = "gnu++17";
				CLANG_CXX_LIBRARY = "libc++";
				CLANG_ENABLE_MODULES = YES;
				CLANG_ENABLE_OBJC_ARC = YES;
				CLANG_ENABLE_OBJC_WEAK = YES;
				CLANG_WARN_BLOCK_CAPTURE_AUTORELEASING = YES;
				CLANG_WARN_BOOL_CONVERSION = YES;
				CLANG_WARN_COMMA = YES;
				CLANG_WARN_CONSTANT_CONVERSION = YES;
				CLANG_WARN_DEPRECATED_OBJC_IMPLEMENTATIONS = YES;
				CLANG_WARN_DIRECT_OBJC_ISA_USAGE = YES_ERROR;
				CLANG_WARN_DOCUMENTATION_COMMENTS = YES;
				CLANG_WARN_EMPTY_BODY = YES;
				CLANG_WARN_ENUM_CONVERSION = YES;
				CLANG_WARN_INFINITE_RECURSION = YES;
				CLANG_WARN_INT_CONVERSION = YES;
				CLANG_WARN_NON_LITERAL_NULL_CONVERSION = YES;
				CLANG_WARN_OBJC_IMPLICIT_RETAIN_SELF = YES;
				CLANG_WARN_OBJC_LITERAL_CONVERSION = YES;
				CLANG_WARN_OBJC_ROOT_CLASS = YES_ERROR;
				CLANG_WARN_QUOTED_INCLUDE_IN_FRAMEWORK_HEADER = YES;
				CLANG_WARN_RANGE_LOOP_ANALYSIS = YES;
				CLANG_WARN_STRICT_PROTOTYPES = YES;
				CLANG_WARN_SUSPICIOUS_MOVE = YES;
				CLANG_WARN_UNGUARDED_AVAILABILITY = YES_AGGRESSIVE;
				CLANG_WARN_UNREACHABLE_CODE = YES;
				CLANG_WARN__DUPLICATE_METHOD_MATCH = YES;
				COPY_PHASE_STRIP = NO;
				DEBUG_INFORMATION_FORMAT = "dwarf-with-dsym";
				ENABLE_NS_ASSERTIONS = NO;
				ENABLE_STRICT_OBJC_MSGSEND = YES;
				GCC_C_LANGUAGE_STANDARD = gnu11;
				GCC_NO_COMMON_BLOCKS = YES;
				GCC_WARN_64_TO_32_BIT_CONVERSION = YES;
				GCC_WARN_ABOUT_RETURN_TYPE = YES_ERROR;
				GCC_WARN_UNDECLARED_SELECTOR = YES;
				GCC_WARN_UNINITIALIZED_AUTOS = YES_AGGRESSIVE;
				GCC_WARN_UNUSED_FUNCTION = YES;
				GCC_WARN_UNUSED_VARIABLE = YES;
				IPHONEOS_DEPLOYMENT_TARGET = 15.2;
				MTL_ENABLE_DEBUG_INFO = NO;
				MTL_FAST_MATH = YES;
				SDKROOT = iphoneos;
				SWIFT_COMPILATION_MODE = wholemodule;
				SWIFT_OPTIMIZATION_LEVEL = "-O";
				VALIDATE_PRODUCT = YES;
			};
			name = Release;
		};
		85C8F6BE2835715900EE6E77 /* Debug */ = {
			isa = XCBuildConfiguration;
			baseConfigurationReference = 007645438F726A553B86AA18 /* Pods-Instagram.debug.xcconfig */;
			buildSettings = {
				ASSETCATALOG_COMPILER_APPICON_NAME = AppIcon;
				ASSETCATALOG_COMPILER_GLOBAL_ACCENT_COLOR_NAME = AccentColor;
				CODE_SIGN_STYLE = Automatic;
				CURRENT_PROJECT_VERSION = 1;
				DEVELOPMENT_TEAM = D9ACXVN2BM;
				GENERATE_INFOPLIST_FILE = YES;
				INFOPLIST_FILE = Instagram/Info.plist;
				INFOPLIST_KEY_UIApplicationSupportsIndirectInputEvents = YES;
				INFOPLIST_KEY_UILaunchStoryboardName = LaunchScreen;
				INFOPLIST_KEY_UIMainStoryboardFile = Main;
				INFOPLIST_KEY_UISupportedInterfaceOrientations_iPad = "UIInterfaceOrientationPortrait UIInterfaceOrientationPortraitUpsideDown UIInterfaceOrientationLandscapeLeft UIInterfaceOrientationLandscapeRight";
				INFOPLIST_KEY_UISupportedInterfaceOrientations_iPhone = "UIInterfaceOrientationPortrait UIInterfaceOrientationLandscapeLeft UIInterfaceOrientationLandscapeRight";
				LD_RUNPATH_SEARCH_PATHS = (
					"$(inherited)",
					"@executable_path/Frameworks",
				);
				MARKETING_VERSION = 1.0;
				PRODUCT_BUNDLE_IDENTIFIER = "omar-ahmed.Instagram";
				PRODUCT_NAME = "$(TARGET_NAME)";
				SWIFT_EMIT_LOC_STRINGS = YES;
				SWIFT_VERSION = 5.0;
				TARGETED_DEVICE_FAMILY = "1,2";
			};
			name = Debug;
		};
		85C8F6BF2835715900EE6E77 /* Release */ = {
			isa = XCBuildConfiguration;
			baseConfigurationReference = C47FC3EA686DB83CCE1621A9 /* Pods-Instagram.release.xcconfig */;
			buildSettings = {
				ASSETCATALOG_COMPILER_APPICON_NAME = AppIcon;
				ASSETCATALOG_COMPILER_GLOBAL_ACCENT_COLOR_NAME = AccentColor;
				CODE_SIGN_STYLE = Automatic;
				CURRENT_PROJECT_VERSION = 1;
				DEVELOPMENT_TEAM = D9ACXVN2BM;
				GENERATE_INFOPLIST_FILE = YES;
				INFOPLIST_FILE = Instagram/Info.plist;
				INFOPLIST_KEY_UIApplicationSupportsIndirectInputEvents = YES;
				INFOPLIST_KEY_UILaunchStoryboardName = LaunchScreen;
				INFOPLIST_KEY_UIMainStoryboardFile = Main;
				INFOPLIST_KEY_UISupportedInterfaceOrientations_iPad = "UIInterfaceOrientationPortrait UIInterfaceOrientationPortraitUpsideDown UIInterfaceOrientationLandscapeLeft UIInterfaceOrientationLandscapeRight";
				INFOPLIST_KEY_UISupportedInterfaceOrientations_iPhone = "UIInterfaceOrientationPortrait UIInterfaceOrientationLandscapeLeft UIInterfaceOrientationLandscapeRight";
				LD_RUNPATH_SEARCH_PATHS = (
					"$(inherited)",
					"@executable_path/Frameworks",
				);
				MARKETING_VERSION = 1.0;
				PRODUCT_BUNDLE_IDENTIFIER = "omar-ahmed.Instagram";
				PRODUCT_NAME = "$(TARGET_NAME)";
				SWIFT_EMIT_LOC_STRINGS = YES;
				SWIFT_VERSION = 5.0;
				TARGETED_DEVICE_FAMILY = "1,2";
			};
			name = Release;
		};
/* End XCBuildConfiguration section */

/* Begin XCConfigurationList section */
		85C8F6A42835715700EE6E77 /* Build configuration list for PBXProject "Instagram" */ = {
			isa = XCConfigurationList;
			buildConfigurations = (
				85C8F6BB2835715900EE6E77 /* Debug */,
				85C8F6BC2835715900EE6E77 /* Release */,
			);
			defaultConfigurationIsVisible = 0;
			defaultConfigurationName = Release;
		};
		85C8F6BD2835715900EE6E77 /* Build configuration list for PBXNativeTarget "Instagram" */ = {
			isa = XCConfigurationList;
			buildConfigurations = (
				85C8F6BE2835715900EE6E77 /* Debug */,
				85C8F6BF2835715900EE6E77 /* Release */,
			);
			defaultConfigurationIsVisible = 0;
			defaultConfigurationName = Release;
		};
/* End XCConfigurationList section */

/* Begin XCRemoteSwiftPackageReference section */
		85286B412839F4AE007515CF /* XCRemoteSwiftPackageReference "firebase-ios-sdk" */ = {
			isa = XCRemoteSwiftPackageReference;
			repositoryURL = "https://github.com/firebase/firebase-ios-sdk";
			requirement = {
				kind = upToNextMajorVersion;
				minimumVersion = 9.0.0;
			};
		};
/* End XCRemoteSwiftPackageReference section */

/* Begin XCSwiftPackageProductDependency section */
		85286B422839F4AE007515CF /* FirebaseAnalytics */ = {
			isa = XCSwiftPackageProductDependency;
			package = 85286B412839F4AE007515CF /* XCRemoteSwiftPackageReference "firebase-ios-sdk" */;
			productName = FirebaseAnalytics;
		};
		85286B442839F4AE007515CF /* FirebaseAnalyticsOnDeviceConversion */ = {
			isa = XCSwiftPackageProductDependency;
			package = 85286B412839F4AE007515CF /* XCRemoteSwiftPackageReference "firebase-ios-sdk" */;
			productName = FirebaseAnalyticsOnDeviceConversion;
		};
		85286B462839F4AE007515CF /* FirebaseAnalyticsSwift */ = {
			isa = XCSwiftPackageProductDependency;
			package = 85286B412839F4AE007515CF /* XCRemoteSwiftPackageReference "firebase-ios-sdk" */;
			productName = FirebaseAnalyticsSwift;
		};
		85286B482839F4AE007515CF /* FirebaseAnalyticsWithoutAdIdSupport */ = {
			isa = XCSwiftPackageProductDependency;
			package = 85286B412839F4AE007515CF /* XCRemoteSwiftPackageReference "firebase-ios-sdk" */;
			productName = FirebaseAnalyticsWithoutAdIdSupport;
		};
		85286B4A2839F4AE007515CF /* FirebaseAppCheck */ = {
			isa = XCSwiftPackageProductDependency;
			package = 85286B412839F4AE007515CF /* XCRemoteSwiftPackageReference "firebase-ios-sdk" */;
			productName = FirebaseAppCheck;
		};
		85286B4C2839F4AE007515CF /* FirebaseAppDistribution-Beta */ = {
			isa = XCSwiftPackageProductDependency;
			package = 85286B412839F4AE007515CF /* XCRemoteSwiftPackageReference "firebase-ios-sdk" */;
			productName = "FirebaseAppDistribution-Beta";
		};
		85286B4E2839F4AE007515CF /* FirebaseAuth */ = {
			isa = XCSwiftPackageProductDependency;
			package = 85286B412839F4AE007515CF /* XCRemoteSwiftPackageReference "firebase-ios-sdk" */;
			productName = FirebaseAuth;
		};
		85286B502839F4AE007515CF /* FirebaseAuthCombine-Community */ = {
			isa = XCSwiftPackageProductDependency;
			package = 85286B412839F4AE007515CF /* XCRemoteSwiftPackageReference "firebase-ios-sdk" */;
			productName = "FirebaseAuthCombine-Community";
		};
		85286B522839F4AE007515CF /* FirebaseCrashlytics */ = {
			isa = XCSwiftPackageProductDependency;
			package = 85286B412839F4AE007515CF /* XCRemoteSwiftPackageReference "firebase-ios-sdk" */;
			productName = FirebaseCrashlytics;
		};
		85286B542839F4AE007515CF /* FirebaseDatabase */ = {
			isa = XCSwiftPackageProductDependency;
			package = 85286B412839F4AE007515CF /* XCRemoteSwiftPackageReference "firebase-ios-sdk" */;
			productName = FirebaseDatabase;
		};
		85286B562839F4AE007515CF /* FirebaseDatabaseSwift */ = {
			isa = XCSwiftPackageProductDependency;
			package = 85286B412839F4AE007515CF /* XCRemoteSwiftPackageReference "firebase-ios-sdk" */;
			productName = FirebaseDatabaseSwift;
		};
		85286B582839F4AE007515CF /* FirebaseDynamicLinks */ = {
			isa = XCSwiftPackageProductDependency;
			package = 85286B412839F4AE007515CF /* XCRemoteSwiftPackageReference "firebase-ios-sdk" */;
			productName = FirebaseDynamicLinks;
		};
		85286B5A2839F4AE007515CF /* FirebaseFirestore */ = {
			isa = XCSwiftPackageProductDependency;
			package = 85286B412839F4AE007515CF /* XCRemoteSwiftPackageReference "firebase-ios-sdk" */;
			productName = FirebaseFirestore;
		};
		85286B5C2839F4AE007515CF /* FirebaseFirestoreCombine-Community */ = {
			isa = XCSwiftPackageProductDependency;
			package = 85286B412839F4AE007515CF /* XCRemoteSwiftPackageReference "firebase-ios-sdk" */;
			productName = "FirebaseFirestoreCombine-Community";
		};
		85286B5E2839F4AE007515CF /* FirebaseFirestoreSwift */ = {
			isa = XCSwiftPackageProductDependency;
			package = 85286B412839F4AE007515CF /* XCRemoteSwiftPackageReference "firebase-ios-sdk" */;
			productName = FirebaseFirestoreSwift;
		};
		85286B602839F4AE007515CF /* FirebaseFunctions */ = {
			isa = XCSwiftPackageProductDependency;
			package = 85286B412839F4AE007515CF /* XCRemoteSwiftPackageReference "firebase-ios-sdk" */;
			productName = FirebaseFunctions;
		};
		85286B622839F4AE007515CF /* FirebaseFunctionsCombine-Community */ = {
			isa = XCSwiftPackageProductDependency;
			package = 85286B412839F4AE007515CF /* XCRemoteSwiftPackageReference "firebase-ios-sdk" */;
			productName = "FirebaseFunctionsCombine-Community";
		};
		85286B642839F4AE007515CF /* FirebaseInAppMessaging-Beta */ = {
			isa = XCSwiftPackageProductDependency;
			package = 85286B412839F4AE007515CF /* XCRemoteSwiftPackageReference "firebase-ios-sdk" */;
			productName = "FirebaseInAppMessaging-Beta";
		};
		85286B662839F4AE007515CF /* FirebaseInAppMessagingSwift-Beta */ = {
			isa = XCSwiftPackageProductDependency;
			package = 85286B412839F4AE007515CF /* XCRemoteSwiftPackageReference "firebase-ios-sdk" */;
			productName = "FirebaseInAppMessagingSwift-Beta";
		};
		85286B682839F4AE007515CF /* FirebaseInstallations */ = {
			isa = XCSwiftPackageProductDependency;
			package = 85286B412839F4AE007515CF /* XCRemoteSwiftPackageReference "firebase-ios-sdk" */;
			productName = FirebaseInstallations;
		};
		85286B6A2839F4AE007515CF /* FirebaseMLModelDownloader */ = {
			isa = XCSwiftPackageProductDependency;
			package = 85286B412839F4AE007515CF /* XCRemoteSwiftPackageReference "firebase-ios-sdk" */;
			productName = FirebaseMLModelDownloader;
		};
		85286B6C2839F4AE007515CF /* FirebaseMessaging */ = {
			isa = XCSwiftPackageProductDependency;
			package = 85286B412839F4AE007515CF /* XCRemoteSwiftPackageReference "firebase-ios-sdk" */;
			productName = FirebaseMessaging;
		};
		85286B6E2839F4AE007515CF /* FirebasePerformance */ = {
			isa = XCSwiftPackageProductDependency;
			package = 85286B412839F4AE007515CF /* XCRemoteSwiftPackageReference "firebase-ios-sdk" */;
			productName = FirebasePerformance;
		};
		85286B702839F4AE007515CF /* FirebaseRemoteConfig */ = {
			isa = XCSwiftPackageProductDependency;
			package = 85286B412839F4AE007515CF /* XCRemoteSwiftPackageReference "firebase-ios-sdk" */;
			productName = FirebaseRemoteConfig;
		};
		85286B722839F4AE007515CF /* FirebaseRemoteConfigSwift */ = {
			isa = XCSwiftPackageProductDependency;
			package = 85286B412839F4AE007515CF /* XCRemoteSwiftPackageReference "firebase-ios-sdk" */;
			productName = FirebaseRemoteConfigSwift;
		};
		85286B742839F4AE007515CF /* FirebaseStorage */ = {
			isa = XCSwiftPackageProductDependency;
			package = 85286B412839F4AE007515CF /* XCRemoteSwiftPackageReference "firebase-ios-sdk" */;
			productName = FirebaseStorage;
		};
		85286B762839F4AE007515CF /* FirebaseStorageCombine-Community */ = {
			isa = XCSwiftPackageProductDependency;
			package = 85286B412839F4AE007515CF /* XCRemoteSwiftPackageReference "firebase-ios-sdk" */;
			productName = "FirebaseStorageCombine-Community";
		};
/* End XCSwiftPackageProductDependency section */
	};
	rootObject = 85C8F6A12835715700EE6E77 /* Project object */;
}
